
Microsoft Visual Studio Solution File, Format Version 12.00
# Visual Studio 14
VisualStudioVersion = 14.0.23107.0
MinimumVisualStudioVersion = 10.0.40219.1
Project("{FAE04EC0-301F-11D3-BF4B-00C04F79EFBC}") = "h3t1", "h3t1\h3t1.csproj", "{A2E1D6EE-3E3E-4907-9442-7C65B7DCC164}"
EndProject
Project("{FAE04EC0-301F-11D3-BF4B-00C04F79EFBC}") = "h3t2", "h3t2\h3t2.csproj", "{64216592-D893-4987-80CA-598DDDA0A3ED}"
EndProject
Project("{FAE04EC0-301F-11D3-BF4B-00C04F79EFBC}") = "h3t3", "h3t3\h3t3.csproj", "{7D802C00-AA9E-40F6-B0E0-4C2AEE7DACA3}"
EndProject
Project("{FAE04EC0-301F-11D3-BF4B-00C04F79EFBC}") = "h3t4", "h3t4\h3t4.csproj", "{127F09D5-9FA8-4267-A2FC-41513A0F13A3}"
EndProject
Project("{FAE04EC0-301F-11D3-BF4B-00C04F79EFBC}") = "h3t5", "h3t5\h3t5.csproj", "{01D0647A-B0BC-4B07-8004-7D5FF558EA92}"
EndProject
Project("{FAE04EC0-301F-11D3-BF4B-00C04F79EFBC}") = "h3t6", "h3t6\h3t6.csproj", "{9204D772-441A-4D4D-9546-845BA3F715CB}"
EndProject
Global
	GlobalSection(SolutionConfigurationPlatforms) = preSolution
		Debug|Any CPU = Debug|Any CPU
		Release|Any CPU = Release|Any CPU
	EndGlobalSection
	GlobalSection(ProjectConfigurationPlatforms) = postSolution
		{A2E1D6EE-3E3E-4907-9442-7C65B7DCC164}.Debug|Any CPU.ActiveCfg = Debug|Any CPU
		{A2E1D6EE-3E3E-4907-9442-7C65B7DCC164}.Debug|Any CPU.Build.0 = Debug|Any CPU
		{A2E1D6EE-3E3E-4907-9442-7C65B7DCC164}.Release|Any CPU.ActiveCfg = Release|Any CPU
		{A2E1D6EE-3E3E-4907-9442-7C65B7DCC164}.Release|Any CPU.Build.0 = Release|Any CPU
		{64216592-D893-4987-80CA-598DDDA0A3ED}.Debug|Any CPU.ActiveCfg = Debug|Any CPU
		{64216592-D893-4987-80CA-598DDDA0A3ED}.Debug|Any CPU.Build.0 = Debug|Any CPU
		{64216592-D893-4987-80CA-598DDDA0A3ED}.Release|Any CPU.ActiveCfg = Release|Any CPU
		{64216592-D893-4987-80CA-598DDDA0A3ED}.Release|Any CPU.Build.0 = Release|Any CPU
		{7D802C00-AA9E-40F6-B0E0-4C2AEE7DACA3}.Debug|Any CPU.ActiveCfg = Debug|Any CPU
		{7D802C00-AA9E-40F6-B0E0-4C2AEE7DACA3}.Debug|Any CPU.Build.0 = Debug|Any CPU
		{7D802C00-AA9E-40F6-B0E0-4C2AEE7DACA3}.Release|Any CPU.ActiveCfg = Release|Any CPU
		{7D802C00-AA9E-40F6-B0E0-4C2AEE7DACA3}.Release|Any CPU.Build.0 = Release|Any CPU
		{127F09D5-9FA8-4267-A2FC-41513A0F13A3}.Debug|Any CPU.ActiveCfg = Debug|Any CPU
		{127F09D5-9FA8-4267-A2FC-41513A0F13A3}.Debug|Any CPU.Build.0 = Debug|Any CPU
		{127F09D5-9FA8-4267-A2FC-41513A0F13A3}.Release|Any CPU.ActiveCfg = Release|Any CPU
		{127F09D5-9FA8-4267-A2FC-41513A0F13A3}.Release|Any CPU.Build.0 = Release|Any CPU
		{01D0647A-B0BC-4B07-8004-7D5FF558EA92}.Debug|Any CPU.ActiveCfg = Debug|Any CPU
		{01D0647A-B0BC-4B07-8004-7D5FF558EA92}.Debug|Any CPU.Build.0 = Debug|Any CPU
		{01D0647A-B0BC-4B07-8004-7D5FF558EA92}.Release|Any CPU.ActiveCfg = Release|Any CPU
		{01D0647A-B0BC-4B07-8004-7D5FF558EA92}.Release|Any CPU.Build.0 = Release|Any CPU
		{9204D772-441A-4D4D-9546-845BA3F715CB}.Debug|Any CPU.ActiveCfg = Debug|Any CPU
		{9204D772-441A-4D4D-9546-845BA3F715CB}.Debug|Any CPU.Build.0 = Debug|Any CPU
		{9204D772-441A-4D4D-9546-845BA3F715CB}.Release|Any CPU.ActiveCfg = Release|Any CPU
		{9204D772-441A-4D4D-9546-845BA3F715CB}.Release|Any CPU.Build.0 = Release|Any CPU
	EndGlobalSection
	GlobalSection(SolutionProperties) = preSolution
		HideSolutionNode = FALSE
	EndGlobalSection
EndGlobal
