
Microsoft Visual Studio Solution File, Format Version 12.00
# Visual Studio 14
VisualStudioVersion = 14.0.25420.1
MinimumVisualStudioVersion = 10.0.40219.1
Project("{FAE04EC0-301F-11D3-BF4B-00C04F79EFBC}") = "H09T1", "H09T1\H09T1.csproj", "{30A9392F-EF28-4BED-B74A-CB74F64F2387}"
EndProject
Project("{FAE04EC0-301F-11D3-BF4B-00C04F79EFBC}") = "H09T2", "H09T2\H09T2.csproj", "{744BCF3D-ED6C-4B4C-8ABC-D1ECF7733BFB}"
EndProject
Project("{FAE04EC0-301F-11D3-BF4B-00C04F79EFBC}") = "H09T3", "H09T3\H09T3.csproj", "{E69FC77B-7C97-4429-BCB6-48855C7584D1}"
EndProject
Project("{FAE04EC0-301F-11D3-BF4B-00C04F79EFBC}") = "H09T4", "H09T4\H09T4.csproj", "{53FC0E55-1BDE-43C5-B5BE-94C6835691A9}"
EndProject
Global
	GlobalSection(SolutionConfigurationPlatforms) = preSolution
		Debug|ARM = Debug|ARM
		Debug|x64 = Debug|x64
		Debug|x86 = Debug|x86
		Release|ARM = Release|ARM
		Release|x64 = Release|x64
		Release|x86 = Release|x86
	EndGlobalSection
	GlobalSection(ProjectConfigurationPlatforms) = postSolution
		{30A9392F-EF28-4BED-B74A-CB74F64F2387}.Debug|ARM.ActiveCfg = Debug|ARM
		{30A9392F-EF28-4BED-B74A-CB74F64F2387}.Debug|ARM.Build.0 = Debug|ARM
		{30A9392F-EF28-4BED-B74A-CB74F64F2387}.Debug|ARM.Deploy.0 = Debug|ARM
		{30A9392F-EF28-4BED-B74A-CB74F64F2387}.Debug|x64.ActiveCfg = Debug|x64
		{30A9392F-EF28-4BED-B74A-CB74F64F2387}.Debug|x64.Build.0 = Debug|x64
		{30A9392F-EF28-4BED-B74A-CB74F64F2387}.Debug|x64.Deploy.0 = Debug|x64
		{30A9392F-EF28-4BED-B74A-CB74F64F2387}.Debug|x86.ActiveCfg = Debug|x86
		{30A9392F-EF28-4BED-B74A-CB74F64F2387}.Debug|x86.Build.0 = Debug|x86
		{30A9392F-EF28-4BED-B74A-CB74F64F2387}.Debug|x86.Deploy.0 = Debug|x86
		{30A9392F-EF28-4BED-B74A-CB74F64F2387}.Release|ARM.ActiveCfg = Release|ARM
		{30A9392F-EF28-4BED-B74A-CB74F64F2387}.Release|ARM.Build.0 = Release|ARM
		{30A9392F-EF28-4BED-B74A-CB74F64F2387}.Release|ARM.Deploy.0 = Release|ARM
		{30A9392F-EF28-4BED-B74A-CB74F64F2387}.Release|x64.ActiveCfg = Release|x64
		{30A9392F-EF28-4BED-B74A-CB74F64F2387}.Release|x64.Build.0 = Release|x64
		{30A9392F-EF28-4BED-B74A-CB74F64F2387}.Release|x64.Deploy.0 = Release|x64
		{30A9392F-EF28-4BED-B74A-CB74F64F2387}.Release|x86.ActiveCfg = Release|x86
		{30A9392F-EF28-4BED-B74A-CB74F64F2387}.Release|x86.Build.0 = Release|x86
		{30A9392F-EF28-4BED-B74A-CB74F64F2387}.Release|x86.Deploy.0 = Release|x86
		{744BCF3D-ED6C-4B4C-8ABC-D1ECF7733BFB}.Debug|ARM.ActiveCfg = Debug|ARM
		{744BCF3D-ED6C-4B4C-8ABC-D1ECF7733BFB}.Debug|ARM.Build.0 = Debug|ARM
		{744BCF3D-ED6C-4B4C-8ABC-D1ECF7733BFB}.Debug|ARM.Deploy.0 = Debug|ARM
		{744BCF3D-ED6C-4B4C-8ABC-D1ECF7733BFB}.Debug|x64.ActiveCfg = Debug|x64
		{744BCF3D-ED6C-4B4C-8ABC-D1ECF7733BFB}.Debug|x64.Build.0 = Debug|x64
		{744BCF3D-ED6C-4B4C-8ABC-D1ECF7733BFB}.Debug|x64.Deploy.0 = Debug|x64
		{744BCF3D-ED6C-4B4C-8ABC-D1ECF7733BFB}.Debug|x86.ActiveCfg = Debug|x86
		{744BCF3D-ED6C-4B4C-8ABC-D1ECF7733BFB}.Debug|x86.Build.0 = Debug|x86
		{744BCF3D-ED6C-4B4C-8ABC-D1ECF7733BFB}.Debug|x86.Deploy.0 = Debug|x86
		{744BCF3D-ED6C-4B4C-8ABC-D1ECF7733BFB}.Release|ARM.ActiveCfg = Release|ARM
		{744BCF3D-ED6C-4B4C-8ABC-D1ECF7733BFB}.Release|ARM.Build.0 = Release|ARM
		{744BCF3D-ED6C-4B4C-8ABC-D1ECF7733BFB}.Release|ARM.Deploy.0 = Release|ARM
		{744BCF3D-ED6C-4B4C-8ABC-D1ECF7733BFB}.Release|x64.ActiveCfg = Release|x64
		{744BCF3D-ED6C-4B4C-8ABC-D1ECF7733BFB}.Release|x64.Build.0 = Release|x64
		{744BCF3D-ED6C-4B4C-8ABC-D1ECF7733BFB}.Release|x64.Deploy.0 = Release|x64
		{744BCF3D-ED6C-4B4C-8ABC-D1ECF7733BFB}.Release|x86.ActiveCfg = Release|x86
		{744BCF3D-ED6C-4B4C-8ABC-D1ECF7733BFB}.Release|x86.Build.0 = Release|x86
		{744BCF3D-ED6C-4B4C-8ABC-D1ECF7733BFB}.Release|x86.Deploy.0 = Release|x86
		{E69FC77B-7C97-4429-BCB6-48855C7584D1}.Debug|ARM.ActiveCfg = Debug|ARM
		{E69FC77B-7C97-4429-BCB6-48855C7584D1}.Debug|ARM.Build.0 = Debug|ARM
		{E69FC77B-7C97-4429-BCB6-48855C7584D1}.Debug|ARM.Deploy.0 = Debug|ARM
		{E69FC77B-7C97-4429-BCB6-48855C7584D1}.Debug|x64.ActiveCfg = Debug|x64
		{E69FC77B-7C97-4429-BCB6-48855C7584D1}.Debug|x64.Build.0 = Debug|x64
		{E69FC77B-7C97-4429-BCB6-48855C7584D1}.Debug|x64.Deploy.0 = Debug|x64
		{E69FC77B-7C97-4429-BCB6-48855C7584D1}.Debug|x86.ActiveCfg = Debug|x86
		{E69FC77B-7C97-4429-BCB6-48855C7584D1}.Debug|x86.Build.0 = Debug|x86
		{E69FC77B-7C97-4429-BCB6-48855C7584D1}.Debug|x86.Deploy.0 = Debug|x86
		{E69FC77B-7C97-4429-BCB6-48855C7584D1}.Release|ARM.ActiveCfg = Release|ARM
		{E69FC77B-7C97-4429-BCB6-48855C7584D1}.Release|ARM.Build.0 = Release|ARM
		{E69FC77B-7C97-4429-BCB6-48855C7584D1}.Release|ARM.Deploy.0 = Release|ARM
		{E69FC77B-7C97-4429-BCB6-48855C7584D1}.Release|x64.ActiveCfg = Release|x64
		{E69FC77B-7C97-4429-BCB6-48855C7584D1}.Release|x64.Build.0 = Release|x64
		{E69FC77B-7C97-4429-BCB6-48855C7584D1}.Release|x64.Deploy.0 = Release|x64
		{E69FC77B-7C97-4429-BCB6-48855C7584D1}.Release|x86.ActiveCfg = Release|x86
		{E69FC77B-7C97-4429-BCB6-48855C7584D1}.Release|x86.Build.0 = Release|x86
		{E69FC77B-7C97-4429-BCB6-48855C7584D1}.Release|x86.Deploy.0 = Release|x86
		{53FC0E55-1BDE-43C5-B5BE-94C6835691A9}.Debug|ARM.ActiveCfg = Debug|ARM
		{53FC0E55-1BDE-43C5-B5BE-94C6835691A9}.Debug|ARM.Build.0 = Debug|ARM
		{53FC0E55-1BDE-43C5-B5BE-94C6835691A9}.Debug|ARM.Deploy.0 = Debug|ARM
		{53FC0E55-1BDE-43C5-B5BE-94C6835691A9}.Debug|x64.ActiveCfg = Debug|x64
		{53FC0E55-1BDE-43C5-B5BE-94C6835691A9}.Debug|x64.Build.0 = Debug|x64
		{53FC0E55-1BDE-43C5-B5BE-94C6835691A9}.Debug|x64.Deploy.0 = Debug|x64
		{53FC0E55-1BDE-43C5-B5BE-94C6835691A9}.Debug|x86.ActiveCfg = Debug|x86
		{53FC0E55-1BDE-43C5-B5BE-94C6835691A9}.Debug|x86.Build.0 = Debug|x86
		{53FC0E55-1BDE-43C5-B5BE-94C6835691A9}.Debug|x86.Deploy.0 = Debug|x86
		{53FC0E55-1BDE-43C5-B5BE-94C6835691A9}.Release|ARM.ActiveCfg = Release|ARM
		{53FC0E55-1BDE-43C5-B5BE-94C6835691A9}.Release|ARM.Build.0 = Release|ARM
		{53FC0E55-1BDE-43C5-B5BE-94C6835691A9}.Release|ARM.Deploy.0 = Release|ARM
		{53FC0E55-1BDE-43C5-B5BE-94C6835691A9}.Release|x64.ActiveCfg = Release|x64
		{53FC0E55-1BDE-43C5-B5BE-94C6835691A9}.Release|x64.Build.0 = Release|x64
		{53FC0E55-1BDE-43C5-B5BE-94C6835691A9}.Release|x64.Deploy.0 = Release|x64
		{53FC0E55-1BDE-43C5-B5BE-94C6835691A9}.Release|x86.ActiveCfg = Release|x86
		{53FC0E55-1BDE-43C5-B5BE-94C6835691A9}.Release|x86.Build.0 = Release|x86
		{53FC0E55-1BDE-43C5-B5BE-94C6835691A9}.Release|x86.Deploy.0 = Release|x86
	EndGlobalSection
	GlobalSection(SolutionProperties) = preSolution
		HideSolutionNode = FALSE
	EndGlobalSection
EndGlobal
