
Microsoft Visual Studio Solution File, Format Version 12.00
# Visual Studio 14
VisualStudioVersion = 14.0.23107.0
MinimumVisualStudioVersion = 10.0.40219.1
Project("{FAE04EC0-301F-11D3-BF4B-00C04F79EFBC}") = "h2t1", "h2t1\h2t1.csproj", "{EDA07C14-B44D-44F8-9DA0-24BAC5DB0109}"
EndProject
Project("{FAE04EC0-301F-11D3-BF4B-00C04F79EFBC}") = "h2t2", "h2t2\h2t2.csproj", "{209A414B-3F68-4CF4-934E-E664A6ADBAD5}"
EndProject
Project("{FAE04EC0-301F-11D3-BF4B-00C04F79EFBC}") = "h2t3", "h2t3\h2t3.csproj", "{A8615C68-DC9A-4183-A9D7-D2014BC466B0}"
EndProject
Project("{FAE04EC0-301F-11D3-BF4B-00C04F79EFBC}") = "h2t4", "h2t4\h2t4.csproj", "{2E7BC2EB-7591-4C24-974B-5FD59A38FD25}"
EndProject
Project("{FAE04EC0-301F-11D3-BF4B-00C04F79EFBC}") = "h2t5", "h2t5\h2t5.csproj", "{FB2F2C47-7AB0-44BF-905D-6CFCDF99FDB9}"
EndProject
Project("{FAE04EC0-301F-11D3-BF4B-00C04F79EFBC}") = "h2t6", "h2t6\h2t6.csproj", "{08B46C5F-93A8-44A1-877B-1B3D2EEF6C17}"
EndProject
Project("{FAE04EC0-301F-11D3-BF4B-00C04F79EFBC}") = "h2t7", "h2t7\h2t7.csproj", "{A0E76F6D-7789-497F-9307-5B408BEA0C5B}"
EndProject
Global
	GlobalSection(SolutionConfigurationPlatforms) = preSolution
		Debug|Any CPU = Debug|Any CPU
		Release|Any CPU = Release|Any CPU
	EndGlobalSection
	GlobalSection(ProjectConfigurationPlatforms) = postSolution
		{EDA07C14-B44D-44F8-9DA0-24BAC5DB0109}.Debug|Any CPU.ActiveCfg = Debug|Any CPU
		{EDA07C14-B44D-44F8-9DA0-24BAC5DB0109}.Debug|Any CPU.Build.0 = Debug|Any CPU
		{EDA07C14-B44D-44F8-9DA0-24BAC5DB0109}.Release|Any CPU.ActiveCfg = Release|Any CPU
		{EDA07C14-B44D-44F8-9DA0-24BAC5DB0109}.Release|Any CPU.Build.0 = Release|Any CPU
		{209A414B-3F68-4CF4-934E-E664A6ADBAD5}.Debug|Any CPU.ActiveCfg = Debug|Any CPU
		{209A414B-3F68-4CF4-934E-E664A6ADBAD5}.Debug|Any CPU.Build.0 = Debug|Any CPU
		{209A414B-3F68-4CF4-934E-E664A6ADBAD5}.Release|Any CPU.ActiveCfg = Release|Any CPU
		{209A414B-3F68-4CF4-934E-E664A6ADBAD5}.Release|Any CPU.Build.0 = Release|Any CPU
		{A8615C68-DC9A-4183-A9D7-D2014BC466B0}.Debug|Any CPU.ActiveCfg = Debug|Any CPU
		{A8615C68-DC9A-4183-A9D7-D2014BC466B0}.Debug|Any CPU.Build.0 = Debug|Any CPU
		{A8615C68-DC9A-4183-A9D7-D2014BC466B0}.Release|Any CPU.ActiveCfg = Release|Any CPU
		{A8615C68-DC9A-4183-A9D7-D2014BC466B0}.Release|Any CPU.Build.0 = Release|Any CPU
		{2E7BC2EB-7591-4C24-974B-5FD59A38FD25}.Debug|Any CPU.ActiveCfg = Debug|Any CPU
		{2E7BC2EB-7591-4C24-974B-5FD59A38FD25}.Debug|Any CPU.Build.0 = Debug|Any CPU
		{2E7BC2EB-7591-4C24-974B-5FD59A38FD25}.Release|Any CPU.ActiveCfg = Release|Any CPU
		{2E7BC2EB-7591-4C24-974B-5FD59A38FD25}.Release|Any CPU.Build.0 = Release|Any CPU
		{FB2F2C47-7AB0-44BF-905D-6CFCDF99FDB9}.Debug|Any CPU.ActiveCfg = Debug|Any CPU
		{FB2F2C47-7AB0-44BF-905D-6CFCDF99FDB9}.Debug|Any CPU.Build.0 = Debug|Any CPU
		{FB2F2C47-7AB0-44BF-905D-6CFCDF99FDB9}.Release|Any CPU.ActiveCfg = Release|Any CPU
		{FB2F2C47-7AB0-44BF-905D-6CFCDF99FDB9}.Release|Any CPU.Build.0 = Release|Any CPU
		{08B46C5F-93A8-44A1-877B-1B3D2EEF6C17}.Debug|Any CPU.ActiveCfg = Debug|Any CPU
		{08B46C5F-93A8-44A1-877B-1B3D2EEF6C17}.Debug|Any CPU.Build.0 = Debug|Any CPU
		{08B46C5F-93A8-44A1-877B-1B3D2EEF6C17}.Release|Any CPU.ActiveCfg = Release|Any CPU
		{08B46C5F-93A8-44A1-877B-1B3D2EEF6C17}.Release|Any CPU.Build.0 = Release|Any CPU
		{A0E76F6D-7789-497F-9307-5B408BEA0C5B}.Debug|Any CPU.ActiveCfg = Debug|Any CPU
		{A0E76F6D-7789-497F-9307-5B408BEA0C5B}.Debug|Any CPU.Build.0 = Debug|Any CPU
		{A0E76F6D-7789-497F-9307-5B408BEA0C5B}.Release|Any CPU.ActiveCfg = Release|Any CPU
		{A0E76F6D-7789-497F-9307-5B408BEA0C5B}.Release|Any CPU.Build.0 = Release|Any CPU
	EndGlobalSection
	GlobalSection(SolutionProperties) = preSolution
		HideSolutionNode = FALSE
	EndGlobalSection
EndGlobal
